// !$*UTF8*$!
{
	archiveVersion = 1;
	classes = {
	};
	objectVersion = 55;
	objects = {

/* Begin PBXBuildFile section */
		68557484288B325B00DB8D61 /* Units_ConversionApp.swift in Sources */ = {isa = PBXBuildFile; fileRef = 68557483288B325B00DB8D61 /* Units_ConversionApp.swift */; };
		68557486288B325B00DB8D61 /* ContentView.swift in Sources */ = {isa = PBXBuildFile; fileRef = 68557485288B325B00DB8D61 /* ContentView.swift */; };
		68557488288B325C00DB8D61 /* Assets.xcassets in Resources */ = {isa = PBXBuildFile; fileRef = 68557487288B325C00DB8D61 /* Assets.xcassets */; };
		6855748B288B325C00DB8D61 /* Preview Assets.xcassets in Resources */ = {isa = PBXBuildFile; fileRef = 6855748A288B325C00DB8D61 /* Preview Assets.xcassets */; };
		68557492288B35A400DB8D61 /* SwiftUIView01-temperature.swift in Sources */ = {isa = PBXBuildFile; fileRef = 68557491288B35A400DB8D61 /* SwiftUIView01-temperature.swift */; };
		68557494288CCCEA00DB8D61 /* SwiftUIView02-temperature2.swift in Sources */ = {isa = PBXBuildFile; fileRef = 68557493288CCCEA00DB8D61 /* SwiftUIView02-temperature2.swift */; };
		6855749C288DF4C600DB8D61 /* SwiftUIView-temperaturePicker.swift in Sources */ = {isa = PBXBuildFile; fileRef = 6855749B288DF4C600DB8D61 /* SwiftUIView-temperaturePicker.swift */; };
		6855749E288DF4F900DB8D61 /* SwiftUIView03-length.swift in Sources */ = {isa = PBXBuildFile; fileRef = 6855749D288DF4F900DB8D61 /* SwiftUIView03-length.swift */; };
		685574A0288DF74B00DB8D61 /* SwiftUIView04-length.swift in Sources */ = {isa = PBXBuildFile; fileRef = 6855749F288DF74B00DB8D61 /* SwiftUIView04-length.swift */; };
		685574A2288DF97100DB8D61 /* SwiftUIView05-length.swift in Sources */ = {isa = PBXBuildFile; fileRef = 685574A1288DF97100DB8D61 /* SwiftUIView05-length.swift */; };
		685574A4288DFC3000DB8D61 /* SwiftUIView06-mass.swift in Sources */ = {isa = PBXBuildFile; fileRef = 685574A3288DFC3000DB8D61 /* SwiftUIView06-mass.swift */; };
		685574A6288DFD7600DB8D61 /* SwiftUIView07-mass.swift in Sources */ = {isa = PBXBuildFile; fileRef = 685574A5288DFD7600DB8D61 /* SwiftUIView07-mass.swift */; };
		68C60A24288EDAE40018A2EE /* SwiftUIView-lengthPicker.swift in Sources */ = {isa = PBXBuildFile; fileRef = 68C60A23288EDAE40018A2EE /* SwiftUIView-lengthPicker.swift */; };
		68C60A26288EE13F0018A2EE /* SwiftUIView-massPicker.swift in Sources */ = {isa = PBXBuildFile; fileRef = 68C60A25288EE13F0018A2EE /* SwiftUIView-massPicker.swift */; };
		68C60A64288F9E7B0018A2EE /* SwiftUIView-volumePicker.swift in Sources */ = {isa = PBXBuildFile; fileRef = 68C60A63288F9E7B0018A2EE /* SwiftUIView-volumePicker.swift */; };
		68C60A66288FA0110018A2EE /* SwiftUIView08-volume.swift in Sources */ = {isa = PBXBuildFile; fileRef = 68C60A65288FA0110018A2EE /* SwiftUIView08-volume.swift */; };
		68C60A68288FA1720018A2EE /* SwiftUIView09-volume.swift in Sources */ = {isa = PBXBuildFile; fileRef = 68C60A67288FA1720018A2EE /* SwiftUIView09-volume.swift */; };
/* End PBXBuildFile section */

/* Begin PBXFileReference section */
		68557480288B325B00DB8D61 /* Units Conversion.app */ = {isa = PBXFileReference; explicitFileType = wrapper.application; includeInIndex = 0; path = "Units Conversion.app"; sourceTree = BUILT_PRODUCTS_DIR; };
		68557483288B325B00DB8D61 /* Units_ConversionApp.swift */ = {isa = PBXFileReference; lastKnownFileType = sourcecode.swift; path = Units_ConversionApp.swift; sourceTree = "<group>"; };
		68557485288B325B00DB8D61 /* ContentView.swift */ = {isa = PBXFileReference; lastKnownFileType = sourcecode.swift; path = ContentView.swift; sourceTree = "<group>"; };
		68557487288B325C00DB8D61 /* Assets.xcassets */ = {isa = PBXFileReference; lastKnownFileType = folder.assetcatalog; path = Assets.xcassets; sourceTree = "<group>"; };
		6855748A288B325C00DB8D61 /* Preview Assets.xcassets */ = {isa = PBXFileReference; lastKnownFileType = folder.assetcatalog; path = "Preview Assets.xcassets"; sourceTree = "<group>"; };
		68557491288B35A400DB8D61 /* SwiftUIView01-temperature.swift */ = {isa = PBXFileReference; lastKnownFileType = sourcecode.swift; path = "SwiftUIView01-temperature.swift"; sourceTree = "<group>"; };
		68557493288CCCEA00DB8D61 /* SwiftUIView02-temperature2.swift */ = {isa = PBXFileReference; lastKnownFileType = sourcecode.swift; path = "SwiftUIView02-temperature2.swift"; sourceTree = "<group>"; };
		6855749B288DF4C600DB8D61 /* SwiftUIView-temperaturePicker.swift */ = {isa = PBXFileReference; lastKnownFileType = sourcecode.swift; path = "SwiftUIView-temperaturePicker.swift"; sourceTree = "<group>"; };
		6855749D288DF4F900DB8D61 /* SwiftUIView03-length.swift */ = {isa = PBXFileReference; lastKnownFileType = sourcecode.swift; path = "SwiftUIView03-length.swift"; sourceTree = "<group>"; };
		6855749F288DF74B00DB8D61 /* SwiftUIView04-length.swift */ = {isa = PBXFileReference; lastKnownFileType = sourcecode.swift; path = "SwiftUIView04-length.swift"; sourceTree = "<group>"; };
		685574A1288DF97100DB8D61 /* SwiftUIView05-length.swift */ = {isa = PBXFileReference; lastKnownFileType = sourcecode.swift; path = "SwiftUIView05-length.swift"; sourceTree = "<group>"; };
		685574A3288DFC3000DB8D61 /* SwiftUIView06-mass.swift */ = {isa = PBXFileReference; lastKnownFileType = sourcecode.swift; path = "SwiftUIView06-mass.swift"; sourceTree = "<group>"; };
		685574A5288DFD7600DB8D61 /* SwiftUIView07-mass.swift */ = {isa = PBXFileReference; lastKnownFileType = sourcecode.swift; path = "SwiftUIView07-mass.swift"; sourceTree = "<group>"; };
		68C60A23288EDAE40018A2EE /* SwiftUIView-lengthPicker.swift */ = {isa = PBXFileReference; lastKnownFileType = sourcecode.swift; path = "SwiftUIView-lengthPicker.swift"; sourceTree = "<group>"; };
		68C60A25288EE13F0018A2EE /* SwiftUIView-massPicker.swift */ = {isa = PBXFileReference; lastKnownFileType = sourcecode.swift; path = "SwiftUIView-massPicker.swift"; sourceTree = "<group>"; };
		68C60A63288F9E7B0018A2EE /* SwiftUIView-volumePicker.swift */ = {isa = PBXFileReference; lastKnownFileType = sourcecode.swift; path = "SwiftUIView-volumePicker.swift"; sourceTree = "<group>"; };
		68C60A65288FA0110018A2EE /* SwiftUIView08-volume.swift */ = {isa = PBXFileReference; lastKnownFileType = sourcecode.swift; path = "SwiftUIView08-volume.swift"; sourceTree = "<group>"; };
		68C60A67288FA1720018A2EE /* SwiftUIView09-volume.swift */ = {isa = PBXFileReference; lastKnownFileType = sourcecode.swift; path = "SwiftUIView09-volume.swift"; sourceTree = "<group>"; };
/* End PBXFileReference section */

/* Begin PBXFrameworksBuildPhase section */
		6855747D288B325B00DB8D61 /* Frameworks */ = {
			isa = PBXFrameworksBuildPhase;
			buildActionMask = 2147483647;
			files = (
			);
			runOnlyForDeploymentPostprocessing = 0;
		};
/* End PBXFrameworksBuildPhase section */

/* Begin PBXGroup section */
		68557477288B325B00DB8D61 = {
			isa = PBXGroup;
			children = (
				68557482288B325B00DB8D61 /* Units Conversion */,
				68557481288B325B00DB8D61 /* Products */,
			);
			sourceTree = "<group>";
		};
		68557481288B325B00DB8D61 /* Products */ = {
			isa = PBXGroup;
			children = (
				68557480288B325B00DB8D61 /* Units Conversion.app */,
			);
			name = Products;
			sourceTree = "<group>";
		};
		68557482288B325B00DB8D61 /* Units Conversion */ = {
			isa = PBXGroup;
			children = (
				68557483288B325B00DB8D61 /* Units_ConversionApp.swift */,
				68557485288B325B00DB8D61 /* ContentView.swift */,
				6855749B288DF4C600DB8D61 /* SwiftUIView-temperaturePicker.swift */,
				68557493288CCCEA00DB8D61 /* SwiftUIView02-temperature2.swift */,
				68557491288B35A400DB8D61 /* SwiftUIView01-temperature.swift */,
				68C60A23288EDAE40018A2EE /* SwiftUIView-lengthPicker.swift */,
				6855749D288DF4F900DB8D61 /* SwiftUIView03-length.swift */,
				6855749F288DF74B00DB8D61 /* SwiftUIView04-length.swift */,
				685574A1288DF97100DB8D61 /* SwiftUIView05-length.swift */,
				68C60A25288EE13F0018A2EE /* SwiftUIView-massPicker.swift */,
				685574A3288DFC3000DB8D61 /* SwiftUIView06-mass.swift */,
				685574A5288DFD7600DB8D61 /* SwiftUIView07-mass.swift */,
				68C60A63288F9E7B0018A2EE /* SwiftUIView-volumePicker.swift */,
				68C60A65288FA0110018A2EE /* SwiftUIView08-volume.swift */,
				68C60A67288FA1720018A2EE /* SwiftUIView09-volume.swift */,
				68557487288B325C00DB8D61 /* Assets.xcassets */,
				68557489288B325C00DB8D61 /* Preview Content */,
			);
			path = "Units Conversion";
			sourceTree = "<group>";
		};
		68557489288B325C00DB8D61 /* Preview Content */ = {
			isa = PBXGroup;
			children = (
				6855748A288B325C00DB8D61 /* Preview Assets.xcassets */,
			);
			path = "Preview Content";
			sourceTree = "<group>";
		};
/* End PBXGroup section */

/* Begin PBXNativeTarget section */
		6855747F288B325B00DB8D61 /* Units Conversion */ = {
			isa = PBXNativeTarget;
			buildConfigurationList = 6855748E288B325C00DB8D61 /* Build configuration list for PBXNativeTarget "Units Conversion" */;
			buildPhases = (
				6855747C288B325B00DB8D61 /* Sources */,
				6855747D288B325B00DB8D61 /* Frameworks */,
				6855747E288B325B00DB8D61 /* Resources */,
			);
			buildRules = (
			);
			dependencies = (
			);
			name = "Units Conversion";
			productName = "Units Conversion";
			productReference = 68557480288B325B00DB8D61 /* Units Conversion.app */;
			productType = "com.apple.product-type.application";
		};
/* End PBXNativeTarget section */

/* Begin PBXProject section */
		68557478288B325B00DB8D61 /* Project object */ = {
			isa = PBXProject;
			attributes = {
				BuildIndependentTargetsInParallel = 1;
				LastSwiftUpdateCheck = 1340;
				LastUpgradeCheck = 1340;
				TargetAttributes = {
					6855747F288B325B00DB8D61 = {
						CreatedOnToolsVersion = 13.4.1;
					};
				};
			};
			buildConfigurationList = 6855747B288B325B00DB8D61 /* Build configuration list for PBXProject "Units Conversion" */;
			compatibilityVersion = "Xcode 13.0";
			developmentRegion = en;
			hasScannedForEncodings = 0;
			knownRegions = (
				en,
				Base,
			);
			mainGroup = 68557477288B325B00DB8D61;
			productRefGroup = 68557481288B325B00DB8D61 /* Products */;
			projectDirPath = "";
			projectRoot = "";
			targets = (
				6855747F288B325B00DB8D61 /* Units Conversion */,
			);
		};
/* End PBXProject section */

/* Begin PBXResourcesBuildPhase section */
		6855747E288B325B00DB8D61 /* Resources */ = {
			isa = PBXResourcesBuildPhase;
			buildActionMask = 2147483647;
			files = (
				6855748B288B325C00DB8D61 /* Preview Assets.xcassets in Resources */,
				68557488288B325C00DB8D61 /* Assets.xcassets in Resources */,
			);
			runOnlyForDeploymentPostprocessing = 0;
		};
/* End PBXResourcesBuildPhase section */

/* Begin PBXSourcesBuildPhase section */
		6855747C288B325B00DB8D61 /* Sources */ = {
			isa = PBXSourcesBuildPhase;
			buildActionMask = 2147483647;
			files = (
				68C60A66288FA0110018A2EE /* SwiftUIView08-volume.swift in Sources */,
				68C60A26288EE13F0018A2EE /* SwiftUIView-massPicker.swift in Sources */,
				68557494288CCCEA00DB8D61 /* SwiftUIView02-temperature2.swift in Sources */,
				685574A0288DF74B00DB8D61 /* SwiftUIView04-length.swift in Sources */,
				68557486288B325B00DB8D61 /* ContentView.swift in Sources */,
				685574A4288DFC3000DB8D61 /* SwiftUIView06-mass.swift in Sources */,
				6855749C288DF4C600DB8D61 /* SwiftUIView-temperaturePicker.swift in Sources */,
				68C60A68288FA1720018A2EE /* SwiftUIView09-volume.swift in Sources */,
				68557492288B35A400DB8D61 /* SwiftUIView01-temperature.swift in Sources */,
				6855749E288DF4F900DB8D61 /* SwiftUIView03-length.swift in Sources */,
				68C60A64288F9E7B0018A2EE /* SwiftUIView-volumePicker.swift in Sources */,
				68557484288B325B00DB8D61 /* Units_ConversionApp.swift in Sources */,
				68C60A24288EDAE40018A2EE /* SwiftUIView-lengthPicker.swift in Sources */,
				685574A2288DF97100DB8D61 /* SwiftUIView05-length.swift in Sources */,
				685574A6288DFD7600DB8D61 /* SwiftUIView07-mass.swift in Sources */,
			);
			runOnlyForDeploymentPostprocessing = 0;
		};
/* End PBXSourcesBuildPhase section */

/* Begin XCBuildConfiguration section */
		6855748C288B325C00DB8D61 /* Debug */ = {
			isa = XCBuildConfiguration;
			buildSettings = {
				ALWAYS_SEARCH_USER_PATHS = NO;
				CLANG_ANALYZER_NONNULL = YES;
				CLANG_ANALYZER_NUMBER_OBJECT_CONVERSION = YES_AGGRESSIVE;
				CLANG_CXX_LANGUAGE_STANDARD = "gnu++17";
				CLANG_ENABLE_MODULES = YES;
				CLANG_ENABLE_OBJC_ARC = YES;
				CLANG_ENABLE_OBJC_WEAK = YES;
				CLANG_WARN_BLOCK_CAPTURE_AUTORELEASING = YES;
				CLANG_WARN_BOOL_CONVERSION = YES;
				CLANG_WARN_COMMA = YES;
				CLANG_WARN_CONSTANT_CONVERSION = YES;
				CLANG_WARN_DEPRECATED_OBJC_IMPLEMENTATIONS = YES;
				CLANG_WARN_DIRECT_OBJC_ISA_USAGE = YES_ERROR;
				CLANG_WARN_DOCUMENTATION_COMMENTS = YES;
				CLANG_WARN_EMPTY_BODY = YES;
				CLANG_WARN_ENUM_CONVERSION = YES;
				CLANG_WARN_INFINITE_RECURSION = YES;
				CLANG_WARN_INT_CONVERSION = YES;
				CLANG_WARN_NON_LITERAL_NULL_CONVERSION = YES;
				CLANG_WARN_OBJC_IMPLICIT_RETAIN_SELF = YES;
				CLANG_WARN_OBJC_LITERAL_CONVERSION = YES;
				CLANG_WARN_OBJC_ROOT_CLASS = YES_ERROR;
				CLANG_WARN_QUOTED_INCLUDE_IN_FRAMEWORK_HEADER = YES;
				CLANG_WARN_RANGE_LOOP_ANALYSIS = YES;
				CLANG_WARN_STRICT_PROTOTYPES = YES;
				CLANG_WARN_SUSPICIOUS_MOVE = YES;
				CLANG_WARN_UNGUARDED_AVAILABILITY = YES_AGGRESSIVE;
				CLANG_WARN_UNREACHABLE_CODE = YES;
				CLANG_WARN__DUPLICATE_METHOD_MATCH = YES;
				COPY_PHASE_STRIP = NO;
				DEBUG_INFORMATION_FORMAT = dwarf;
				ENABLE_STRICT_OBJC_MSGSEND = YES;
				ENABLE_TESTABILITY = YES;
				GCC_C_LANGUAGE_STANDARD = gnu11;
				GCC_DYNAMIC_NO_PIC = NO;
				GCC_NO_COMMON_BLOCKS = YES;
				GCC_OPTIMIZATION_LEVEL = 0;
				GCC_PREPROCESSOR_DEFINITIONS = (
					"DEBUG=1",
					"$(inherited)",
				);
				GCC_WARN_64_TO_32_BIT_CONVERSION = YES;
				GCC_WARN_ABOUT_RETURN_TYPE = YES_ERROR;
				GCC_WARN_UNDECLARED_SELECTOR = YES;
				GCC_WARN_UNINITIALIZED_AUTOS = YES_AGGRESSIVE;
				GCC_WARN_UNUSED_FUNCTION = YES;
				GCC_WARN_UNUSED_VARIABLE = YES;
				IPHONEOS_DEPLOYMENT_TARGET = 15.5;
				MTL_ENABLE_DEBUG_INFO = INCLUDE_SOURCE;
				MTL_FAST_MATH = YES;
				ONLY_ACTIVE_ARCH = YES;
				SDKROOT = iphoneos;
				SWIFT_ACTIVE_COMPILATION_CONDITIONS = DEBUG;
				SWIFT_OPTIMIZATION_LEVEL = "-Onone";
			};
			name = Debug;
		};
		6855748D288B325C00DB8D61 /* Release */ = {
			isa = XCBuildConfiguration;
			buildSettings = {
				ALWAYS_SEARCH_USER_PATHS = NO;
				CLANG_ANALYZER_NONNULL = YES;
				CLANG_ANALYZER_NUMBER_OBJECT_CONVERSION = YES_AGGRESSIVE;
				CLANG_CXX_LANGUAGE_STANDARD = "gnu++17";
				CLANG_ENABLE_MODULES = YES;
				CLANG_ENABLE_OBJC_ARC = YES;
				CLANG_ENABLE_OBJC_WEAK = YES;
				CLANG_WARN_BLOCK_CAPTURE_AUTORELEASING = YES;
				CLANG_WARN_BOOL_CONVERSION = YES;
				CLANG_WARN_COMMA = YES;
				CLANG_WARN_CONSTANT_CONVERSION = YES;
				CLANG_WARN_DEPRECATED_OBJC_IMPLEMENTATIONS = YES;
				CLANG_WARN_DIRECT_OBJC_ISA_USAGE = YES_ERROR;
				CLANG_WARN_DOCUMENTATION_COMMENTS = YES;
				CLANG_WARN_EMPTY_BODY = YES;
				CLANG_WARN_ENUM_CONVERSION = YES;
				CLANG_WARN_INFINITE_RECURSION = YES;
				CLANG_WARN_INT_CONVERSION = YES;
				CLANG_WARN_NON_LITERAL_NULL_CONVERSION = YES;
				CLANG_WARN_OBJC_IMPLICIT_RETAIN_SELF = YES;
				CLANG_WARN_OBJC_LITERAL_CONVERSION = YES;
				CLANG_WARN_OBJC_ROOT_CLASS = YES_ERROR;
				CLANG_WARN_QUOTED_INCLUDE_IN_FRAMEWORK_HEADER = YES;
				CLANG_WARN_RANGE_LOOP_ANALYSIS = YES;
				CLANG_WARN_STRICT_PROTOTYPES = YES;
				CLANG_WARN_SUSPICIOUS_MOVE = YES;
				CLANG_WARN_UNGUARDED_AVAILABILITY = YES_AGGRESSIVE;
				CLANG_WARN_UNREACHABLE_CODE = YES;
				CLANG_WARN__DUPLICATE_METHOD_MATCH = YES;
				COPY_PHASE_STRIP = NO;
				DEBUG_INFORMATION_FORMAT = "dwarf-with-dsym";
				ENABLE_NS_ASSERTIONS = NO;
				ENABLE_STRICT_OBJC_MSGSEND = YES;
				GCC_C_LANGUAGE_STANDARD = gnu11;
				GCC_NO_COMMON_BLOCKS = YES;
				GCC_WARN_64_TO_32_BIT_CONVERSION = YES;
				GCC_WARN_ABOUT_RETURN_TYPE = YES_ERROR;
				GCC_WARN_UNDECLARED_SELECTOR = YES;
				GCC_WARN_UNINITIALIZED_AUTOS = YES_AGGRESSIVE;
				GCC_WARN_UNUSED_FUNCTION = YES;
				GCC_WARN_UNUSED_VARIABLE = YES;
				IPHONEOS_DEPLOYMENT_TARGET = 15.5;
				MTL_ENABLE_DEBUG_INFO = NO;
				MTL_FAST_MATH = YES;
				SDKROOT = iphoneos;
				SWIFT_COMPILATION_MODE = wholemodule;
				SWIFT_OPTIMIZATION_LEVEL = "-O";
				VALIDATE_PRODUCT = YES;
			};
			name = Release;
		};
		6855748F288B325C00DB8D61 /* Debug */ = {
			isa = XCBuildConfiguration;
			buildSettings = {
				ASSETCATALOG_COMPILER_APPICON_NAME = AppIcon;
				ASSETCATALOG_COMPILER_GLOBAL_ACCENT_COLOR_NAME = AccentColor;
				CODE_SIGN_STYLE = Automatic;
				CURRENT_PROJECT_VERSION = 1;
				DEVELOPMENT_ASSET_PATHS = "\"Units Conversion/Preview Content\"";
				DEVELOPMENT_TEAM = 8N287G2684;
				ENABLE_PREVIEWS = YES;
				GENERATE_INFOPLIST_FILE = YES;
				INFOPLIST_KEY_UIApplicationSceneManifest_Generation = YES;
				INFOPLIST_KEY_UIApplicationSupportsIndirectInputEvents = YES;
				INFOPLIST_KEY_UILaunchScreen_Generation = YES;
				INFOPLIST_KEY_UISupportedInterfaceOrientations_iPad = "UIInterfaceOrientationPortrait UIInterfaceOrientationPortraitUpsideDown UIInterfaceOrientationLandscapeLeft UIInterfaceOrientationLandscapeRight";
				INFOPLIST_KEY_UISupportedInterfaceOrientations_iPhone = "UIInterfaceOrientationPortrait UIInterfaceOrientationLandscapeLeft UIInterfaceOrientationLandscapeRight";
				LD_RUNPATH_SEARCH_PATHS = (
					"$(inherited)",
					"@executable_path/Frameworks",
				);
				MARKETING_VERSION = 1.0;
				PRODUCT_BUNDLE_IDENTIFIER = "Victorh-coding.Units-Conversion";
				PRODUCT_NAME = "$(TARGET_NAME)";
				SWIFT_EMIT_LOC_STRINGS = YES;
				SWIFT_VERSION = 5.0;
				TARGETED_DEVICE_FAMILY = "1,2";
			};
			name = Debug;
		};
		68557490288B325C00DB8D61 /* Release */ = {
			isa = XCBuildConfiguration;
			buildSettings = {
				ASSETCATALOG_COMPILER_APPICON_NAME = AppIcon;
				ASSETCATALOG_COMPILER_GLOBAL_ACCENT_COLOR_NAME = AccentColor;
				CODE_SIGN_STYLE = Automatic;
				CURRENT_PROJECT_VERSION = 1;
				DEVELOPMENT_ASSET_PATHS = "\"Units Conversion/Preview Content\"";
				DEVELOPMENT_TEAM = 8N287G2684;
				ENABLE_PREVIEWS = YES;
				GENERATE_INFOPLIST_FILE = YES;
				INFOPLIST_KEY_UIApplicationSceneManifest_Generation = YES;
				INFOPLIST_KEY_UIApplicationSupportsIndirectInputEvents = YES;
				INFOPLIST_KEY_UILaunchScreen_Generation = YES;
				INFOPLIST_KEY_UISupportedInterfaceOrientations_iPad = "UIInterfaceOrientationPortrait UIInterfaceOrientationPortraitUpsideDown UIInterfaceOrientationLandscapeLeft UIInterfaceOrientationLandscapeRight";
				INFOPLIST_KEY_UISupportedInterfaceOrientations_iPhone = "UIInterfaceOrientationPortrait UIInterfaceOrientationLandscapeLeft UIInterfaceOrientationLandscapeRight";
				LD_RUNPATH_SEARCH_PATHS = (
					"$(inherited)",
					"@executable_path/Frameworks",
				);
				MARKETING_VERSION = 1.0;
				PRODUCT_BUNDLE_IDENTIFIER = "Victorh-coding.Units-Conversion";
				PRODUCT_NAME = "$(TARGET_NAME)";
				SWIFT_EMIT_LOC_STRINGS = YES;
				SWIFT_VERSION = 5.0;
				TARGETED_DEVICE_FAMILY = "1,2";
			};
			name = Release;
		};
/* End XCBuildConfiguration section */

/* Begin XCConfigurationList section */
		6855747B288B325B00DB8D61 /* Build configuration list for PBXProject "Units Conversion" */ = {
			isa = XCConfigurationList;
			buildConfigurations = (
				6855748C288B325C00DB8D61 /* Debug */,
				6855748D288B325C00DB8D61 /* Release */,
			);
			defaultConfigurationIsVisible = 0;
			defaultConfigurationName = Release;
		};
		6855748E288B325C00DB8D61 /* Build configuration list for PBXNativeTarget "Units Conversion" */ = {
			isa = XCConfigurationList;
			buildConfigurations = (
				6855748F288B325C00DB8D61 /* Debug */,
				68557490288B325C00DB8D61 /* Release */,
			);
			defaultConfigurationIsVisible = 0;
			defaultConfigurationName = Release;
		};
/* End XCConfigurationList section */
	};
	rootObject = 68557478288B325B00DB8D61 /* Project object */;
}
